{
  "name": "solucion",
  "version": "1.0.0",
  "description": "Ejercicio de prueba.",
  "main": "index.js",
  "scripts": {
    "dev": "ts-node-dev src/index.ts",
    "start": "node build/index.js",
    "tsc": "tsc",
    "test": "echo \"Error: no test specified\" && exit 1"
  },
  "keywords": [],
  "author": "Juan Gómez Vargas",
  "license": "ISC",
  "devDependencies": {
    "@types/node": "18.0.4",
    "ts-node-dev": "^2.0.0",
    "typescript": "4.7.4"
  }
}
